# THIS IS AN AUTOGENERATED FILE. DO NOT EDIT THIS FILE DIRECTLY.
# yarn lockfile v1


abbrev@1:
  version "1.1.1"
  resolved "https://registry.yarnpkg.com/abbrev/-/abbrev-1.1.1.tgz#f8f2c887ad10bf67f634f005b6987fed3179aac8"

accepts@~1.2.12:
  version "1.2.13"
  resolved "https://registry.yarnpkg.com/accepts/-/accepts-1.2.13.tgz#e5f1f3928c6d95fd96558c36ec3d9d0de4a6ecea"
  dependencies:
    mime-types "~2.1.6"
    negotiator "0.5.3"

ambi@^2.2.0:
  version "2.5.0"
  resolved "https://registry.yarnpkg.com/ambi/-/ambi-2.5.0.tgz#7c8e372be48891157e7cea01cb6f9143d1f74220"
  dependencies:
    editions "^1.1.1"
    typechecker "^4.3.0"

append-field@^0.1.0:
  version "0.1.0"
  resolved "https://registry.yarnpkg.com/append-field/-/append-field-0.1.0.tgz#6ddc58fa083c7bc545d3c5995b2830cc2366d44a"

array-flatten@1.1.1:
  version "1.1.1"
  resolved "https://registry.yarnpkg.com/array-flatten/-/array-flatten-1.1.1.tgz#9a5f699051b1e7073328f2a008968b64ea2955d2"

async@*:
  version "2.6.1"
  resolved "https://registry.yarnpkg.com/async/-/async-2.6.1.tgz#b245a23ca71930044ec53fa46aa00a3e87c6a610"
  dependencies:
    lodash "^4.17.10"

async@0.9.0:
  version "0.9.0"
  resolved "https://registry.yarnpkg.com/async/-/async-0.9.0.tgz#ac3613b1da9bed1b47510bb4651b8931e47146c7"

async@^1.5.2, async@~1.5.2:
  version "1.5.2"
  resolved "https://registry.yarnpkg.com/async/-/async-1.5.2.tgz#ec6a61ae56480c0c3cb241c95618e20892f9672a"

async@~1.0.0:
  version "1.0.0"
  resolved "https://registry.yarnpkg.com/async/-/async-1.0.0.tgz#f8fc04ca3a13784ade9e1641af98578cfbd647a9"

balanced-match@^1.0.0:
  version "1.0.0"
  resolved "https://registry.yarnpkg.com/balanced-match/-/balanced-match-1.0.0.tgz#89b4d199ab2bee49de164ea02b89ce462d71b767"

basic-auth@~1.0.3:
  version "1.0.4"
  resolved "https://registry.yarnpkg.com/basic-auth/-/basic-auth-1.0.4.tgz#030935b01de7c9b94a824b29f3fccb750d3a5290"

bluebird@2.9.26:
  version "2.9.26"
  resolved "https://registry.yarnpkg.com/bluebird/-/bluebird-2.9.26.tgz#362772ea4d09f556a4b9f3b64c2fd136e87e3a55"

body-parser@~1.13.2:
  version "1.13.3"
  resolved "https://registry.yarnpkg.com/body-parser/-/body-parser-1.13.3.tgz#c08cf330c3358e151016a05746f13f029c97fa97"
  dependencies:
    bytes "2.1.0"
    content-type "~1.0.1"
    debug "~2.2.0"
    depd "~1.0.1"
    http-errors "~1.3.1"
    iconv-lite "0.4.11"
    on-finished "~2.3.0"
    qs "4.0.0"
    raw-body "~2.1.2"
    type-is "~1.6.6"

bower@^1.7.9:
  version "1.8.4"
  resolved "https://registry.yarnpkg.com/bower/-/bower-1.8.4.tgz#e7876a076deb8137f7d06525dc5e8c66db82f28a"

brace-expansion@^1.1.7:
  version "1.1.11"
  resolved "https://registry.yarnpkg.com/brace-expansion/-/brace-expansion-1.1.11.tgz#3c7fcbf529d87226f3d2f52b966ff5271eb441dd"
  dependencies:
    balanced-match "^1.0.0"
    concat-map "0.0.1"

bson@0.4.21:
  version "0.4.21"
  resolved "https://registry.yarnpkg.com/bson/-/bson-0.4.21.tgz#b8eae38c5aa94f7b8e64e8cfed0f42e58308ed95"

bson@~0.4.21:
  version "0.4.23"
  resolved "https://registry.yarnpkg.com/bson/-/bson-0.4.23.tgz#e65a2e3c7507ffade4109bc7575a76e50f8da915"

bson@~1.0.4:
  version "1.0.9"
  resolved "https://registry.yarnpkg.com/bson/-/bson-1.0.9.tgz#12319f8323b1254739b7c6bef8d3e89ae05a2f57"

buffer-from@^1.0.0:
  version "1.1.0"
  resolved "https://registry.yarnpkg.com/buffer-from/-/buffer-from-1.1.0.tgz#87fcaa3a298358e0ade6e442cfce840740d1ad04"

buffer-shims@~1.0.0:
  version "1.0.0"
  resolved "https://registry.yarnpkg.com/buffer-shims/-/buffer-shims-1.0.0.tgz#9978ce317388c649ad8793028c3477ef044a8b51"

busboy@^0.2.11:
  version "0.2.14"
  resolved "https://registry.yarnpkg.com/busboy/-/busboy-0.2.14.tgz#6c2a622efcf47c57bbbe1e2a9c37ad36c7925453"
  dependencies:
    dicer "0.2.5"
    readable-stream "1.1.x"

bytes@2.1.0:
  version "2.1.0"
  resolved "https://registry.yarnpkg.com/bytes/-/bytes-2.1.0.tgz#ac93c410e2ffc9cc7cf4b464b38289067f5e47b4"

bytes@2.4.0:
  version "2.4.0"
  resolved "https://registry.yarnpkg.com/bytes/-/bytes-2.4.0.tgz#7d97196f9d5baf7f6935e25985549edd2a6c2339"

colors@1.0.x:
  version "1.0.3"
  resolved "https://registry.yarnpkg.com/colors/-/colors-1.0.3.tgz#0433f44d809680fdeb60ed260f1b0c262e82a40b"

concat-map@0.0.1:
  version "0.0.1"
  resolved "https://registry.yarnpkg.com/concat-map/-/concat-map-0.0.1.tgz#d8a96bd77fd68df7793a73036a3ba0d5405d477b"

concat-stream@^1.5.2:
  version "1.6.2"
  resolved "https://registry.yarnpkg.com/concat-stream/-/concat-stream-1.6.2.tgz#904bdf194cd3122fc675c77fc4ac3d4ff0fd1a34"
  dependencies:
    buffer-from "^1.0.0"
    inherits "^2.0.3"
    readable-stream "^2.2.2"
    typedarray "^0.0.6"

connect-ensure-login@^0.1.1:
  version "0.1.1"
  resolved "https://registry.yarnpkg.com/connect-ensure-login/-/connect-ensure-login-0.1.1.tgz#174dcc51243b9eac23f8d98215aeb6694e2e8a12"

content-disposition@0.5.1:
  version "0.5.1"
  resolved "https://registry.yarnpkg.com/content-disposition/-/content-disposition-0.5.1.tgz#87476c6a67c8daa87e32e87616df883ba7fb071b"

content-type@~1.0.1:
  version "1.0.4"
  resolved "https://registry.yarnpkg.com/content-type/-/content-type-1.0.4.tgz#e138cc75e040c727b1966fe5e5f8c9aee256fe3b"

cookie-parser@~1.3.5:
  version "1.3.5"
  resolved "https://registry.yarnpkg.com/cookie-parser/-/cookie-parser-1.3.5.tgz#9d755570fb5d17890771227a02314d9be7cf8356"
  dependencies:
    cookie "0.1.3"
    cookie-signature "1.0.6"

cookie-signature@1.0.6:
  version "1.0.6"
  resolved "https://registry.yarnpkg.com/cookie-signature/-/cookie-signature-1.0.6.tgz#e303a882b342cc3ee8ca513a79999734dab3ae2c"

cookie@0.1.3:
  version "0.1.3"
  resolved "https://registry.yarnpkg.com/cookie/-/cookie-0.1.3.tgz#e734a5c1417fce472d5aef82c381cabb64d1a435"

cookie@0.1.5:
  version "0.1.5"
  resolved "https://registry.yarnpkg.com/cookie/-/cookie-0.1.5.tgz#6ab9948a4b1ae21952cd2588530a4722d4044d7c"

cookie@0.3.1:
  version "0.3.1"
  resolved "https://registry.yarnpkg.com/cookie/-/cookie-0.3.1.tgz#e7e0a1f9ef43b4c8ba925c5c5a96e806d16873bb"

core-util-is@~1.0.0:
  version "1.0.2"
  resolved "https://registry.yarnpkg.com/core-util-is/-/core-util-is-1.0.2.tgz#b5fd54220aa2bc5ab57aab7140c940754503c1a7"

crc@3.4.4:
  version "3.4.4"
  resolved "https://registry.yarnpkg.com/crc/-/crc-3.4.4.tgz#9da1e980e3bd44fc5c93bf5ab3da3378d85e466b"

csextends@^1.0.3:
  version "1.2.0"
  resolved "https://registry.yarnpkg.com/csextends/-/csextends-1.2.0.tgz#6374b210984b54d4495f29c99d3dd069b80543e5"

cycle@1.0.x:
  version "1.0.3"
  resolved "https://registry.yarnpkg.com/cycle/-/cycle-1.0.3.tgz#21e80b2be8580f98b468f379430662b046c34ad2"

debug@*:
  version "3.1.0"
  resolved "https://registry.yarnpkg.com/debug/-/debug-3.1.0.tgz#5bb5a0672628b64149566ba16819e61518c67261"
  dependencies:
    ms "2.0.0"

debug@2.2.0, debug@~2.2.0:
  version "2.2.0"
  resolved "https://registry.yarnpkg.com/debug/-/debug-2.2.0.tgz#f87057e995b1a1f6ae6a4960664137bc56f039da"
  dependencies:
    ms "0.7.1"

debug@2.6.9:
  version "2.6.9"
  resolved "https://registry.yarnpkg.com/debug/-/debug-2.6.9.tgz#5d128515df134ff327e90a4c93f4e077a536341f"
  dependencies:
    ms "2.0.0"

depd@~1.0.1:
  version "1.0.1"
  resolved "https://registry.yarnpkg.com/depd/-/depd-1.0.1.tgz#80aec64c9d6d97e65cc2a9caa93c0aa6abf73aaa"

depd@~1.1.0, depd@~1.1.1:
  version "1.1.2"
  resolved "https://registry.yarnpkg.com/depd/-/depd-1.1.2.tgz#9bcd52e14c097763e749b274c4346ed2e560b5a9"

destroy@~1.0.4:
  version "1.0.4"
  resolved "https://registry.yarnpkg.com/destroy/-/destroy-1.0.4.tgz#978857442c44749e4206613e37946205826abd80"

dicer@0.2.5:
  version "0.2.5"
  resolved "https://registry.yarnpkg.com/dicer/-/dicer-0.2.5.tgz#5996c086bb33218c812c090bddc09cd12facb70f"
  dependencies:
    readable-stream "1.1.x"
    streamsearch "0.1.2"

double-ended-queue@^2.1.0-0:
  version "2.1.0-0"
  resolved "https://registry.yarnpkg.com/double-ended-queue/-/double-ended-queue-2.1.0-0.tgz#103d3527fd31528f40188130c841efdd78264e5c"

eachr@^2.0.2:
  version "2.0.4"
  resolved "https://registry.yarnpkg.com/eachr/-/eachr-2.0.4.tgz#466f7caa10708f610509e32c807aafe57fc122bf"
  dependencies:
    typechecker "^2.0.8"

editions@^1.1.1, editions@^1.3.3, editions@^1.3.4:
  version "1.3.4"
  resolved "https://registry.yarnpkg.com/editions/-/editions-1.3.4.tgz#3662cb592347c3168eb8e498a0ff73271d67f50b"

ee-first@1.1.1:
  version "1.1.1"
  resolved "https://registry.yarnpkg.com/ee-first/-/ee-first-1.1.1.tgz#590c61156b0ae2f4f0255732a158b266bc56b21d"

es6-promise@3.0.2:
  version "3.0.2"
  resolved "https://registry.yarnpkg.com/es6-promise/-/es6-promise-3.0.2.tgz#010d5858423a5f118979665f46486a95c6ee2bb6"

es6-promise@3.2.1:
  version "3.2.1"
  resolved "https://registry.yarnpkg.com/es6-promise/-/es6-promise-3.2.1.tgz#ec56233868032909207170c39448e24449dd1fc4"

escape-html@~1.0.3:
  version "1.0.3"
  resolved "https://registry.yarnpkg.com/escape-html/-/escape-html-1.0.3.tgz#0258eae4d3d0c0974de1c169188ef0051d1d1988"

etag@~1.7.0:
  version "1.7.0"
  resolved "https://registry.yarnpkg.com/etag/-/etag-1.7.0.tgz#03d30b5f67dd6e632d2945d30d6652731a34d5d8"

express-session@^1.13.0:
  version "1.15.6"
  resolved "https://registry.yarnpkg.com/express-session/-/express-session-1.15.6.tgz#47b4160c88f42ab70fe8a508e31cbff76757ab0a"
  dependencies:
    cookie "0.3.1"
    cookie-signature "1.0.6"
    crc "3.4.4"
    debug "2.6.9"
    depd "~1.1.1"
    on-headers "~1.0.1"
    parseurl "~1.3.2"
    uid-safe "~2.1.5"
    utils-merge "1.0.1"

express@~4.13.1:
  version "4.13.4"
  resolved "https://registry.yarnpkg.com/express/-/express-4.13.4.tgz#3c0b76f3c77590c8345739061ec0bd3ba067ec24"
  dependencies:
    accepts "~1.2.12"
    array-flatten "1.1.1"
    content-disposition "0.5.1"
    content-type "~1.0.1"
    cookie "0.1.5"
    cookie-signature "1.0.6"
    debug "~2.2.0"
    depd "~1.1.0"
    escape-html "~1.0.3"
    etag "~1.7.0"
    finalhandler "0.4.1"
    fresh "0.3.0"
    merge-descriptors "1.0.1"
    methods "~1.1.2"
    on-finished "~2.3.0"
    parseurl "~1.3.1"
    path-to-regexp "0.1.7"
    proxy-addr "~1.0.10"
    qs "4.0.0"
    range-parser "~1.0.3"
    send "0.13.1"
    serve-static "~1.10.2"
    type-is "~1.6.6"
    utils-merge "1.0.0"
    vary "~1.0.1"

extendr@^2.1.0:
  version "2.1.0"
  resolved "https://registry.yarnpkg.com/extendr/-/extendr-2.1.0.tgz#301aa0bbea565f4d2dc8f570f2a22611a8527b56"
  dependencies:
    typechecker "~2.0.1"

extract-opts@^2.2.0:
  version "2.2.0"
  resolved "https://registry.yarnpkg.com/extract-opts/-/extract-opts-2.2.0.tgz#1fa28eba7352c6db480f885ceb71a46810be6d7d"
  dependencies:
    typechecker "~2.0.1"

eyes@0.1.x:
  version "0.1.8"
  resolved "https://registry.yarnpkg.com/eyes/-/eyes-0.1.8.tgz#62cf120234c683785d902348a800ef3e0cc20bc0"

finalhandler@0.4.1:
  version "0.4.1"
  resolved "https://registry.yarnpkg.com/finalhandler/-/finalhandler-0.4.1.tgz#85a17c6c59a94717d262d61230d4b0ebe3d4a14d"
  dependencies:
    debug "~2.2.0"
    escape-html "~1.0.3"
    on-finished "~2.3.0"
    unpipe "~1.0.0"

formidable@>=1.0.11:
  version "1.2.1"
  resolved "https://registry.yarnpkg.com/formidable/-/formidable-1.2.1.tgz#70fb7ca0290ee6ff961090415f4b3df3d2082659"

forwarded@~0.1.0:
  version "0.1.2"
  resolved "https://registry.yarnpkg.com/forwarded/-/forwarded-0.1.2.tgz#98c23dab1175657b8c0573e8ceccd91b0ff18c84"

fresh@0.3.0:
  version "0.3.0"
  resolved "https://registry.yarnpkg.com/fresh/-/fresh-0.3.0.tgz#651f838e22424e7566de161d8358caa199f83d4f"

glob@~6.0.4:
  version "6.0.4"
  resolved "https://registry.yarnpkg.com/glob/-/glob-6.0.4.tgz#0f08860f6a155127b2fadd4f9ce24b1aab6e4d22"
  dependencies:
    inflight "^1.0.4"
    inherits "2"
    minimatch "2 || 3"
    once "^1.3.0"
    path-is-absolute "^1.0.0"

graceful-fs@*:
  version "4.1.11"
  resolved "https://registry.yarnpkg.com/graceful-fs/-/graceful-fs-4.1.11.tgz#0e8bdfe4d1ddb8854d64e04ea7c00e2a026e5658"

harmony-reflect@^1.4.2:
  version "1.6.0"
  resolved "https://registry.yarnpkg.com/harmony-reflect/-/harmony-reflect-1.6.0.tgz#9c28a77386ec225f7b5d370f9861ba09c4eea58f"

hooks-fixed@1.1.0:
  version "1.1.0"
  resolved "https://registry.yarnpkg.com/hooks-fixed/-/hooks-fixed-1.1.0.tgz#0e8c15336708e6611185fe390b44687dd5230dbb"

http-errors@~1.3.1:
  version "1.3.1"
  resolved "https://registry.yarnpkg.com/http-errors/-/http-errors-1.3.1.tgz#197e22cdebd4198585e8694ef6786197b91ed942"
  dependencies:
    inherits "~2.0.1"
    statuses "1"

i18n@0.8.2:
  version "0.8.2"
  resolved "https://registry.yarnpkg.com/i18n/-/i18n-0.8.2.tgz#29487fb23ce25b521e537286b21056d2861e7c1a"
  dependencies:
    debug "*"
    make-plural "^3.0.3"
    math-interval-parser "^1.1.0"
    messageformat "^0.3.1"
    mustache "*"
    sprintf-js ">=1.0.3"

iconv-lite@0.4.11:
  version "0.4.11"
  resolved "https://registry.yarnpkg.com/iconv-lite/-/iconv-lite-0.4.11.tgz#2ecb42fd294744922209a2e7c404dac8793d8ade"

iconv-lite@0.4.13:
  version "0.4.13"
  resolved "https://registry.yarnpkg.com/iconv-lite/-/iconv-lite-0.4.13.tgz#1f88aba4ab0b1508e8312acc39345f36e992e2f2"

ignorefs@^1.0.0:
  version "1.2.0"
  resolved "https://registry.yarnpkg.com/ignorefs/-/ignorefs-1.2.0.tgz#da59fb858976e4a5e43702ccd1f282fdbc9e5756"
  dependencies:
    editions "^1.3.3"
    ignorepatterns "^1.1.0"

ignorepatterns@^1.1.0:
  version "1.1.0"
  resolved "https://registry.yarnpkg.com/ignorepatterns/-/ignorepatterns-1.1.0.tgz#ac8f436f2239b5dfb66d5f0d3a904a87ac67cc5e"

imagemagick@>=0.1.2:
  version "0.1.3"
  resolved "https://registry.yarnpkg.com/imagemagick/-/imagemagick-0.1.3.tgz#7483cea093b4d9f2e2f396857adc8821b537c56a"

inflight@^1.0.4:
  version "1.0.6"
  resolved "https://registry.yarnpkg.com/inflight/-/inflight-1.0.6.tgz#49bd6331d7d02d0c09bc910a1075ba8165b56df9"
  dependencies:
    once "^1.3.0"
    wrappy "1"

inherits@2, inherits@^2.0.3, inherits@~2.0.1, inherits@~2.0.3:
  version "2.0.3"
  resolved "https://registry.yarnpkg.com/inherits/-/inherits-2.0.3.tgz#633c2c83e3da42a502f52466022480f4208261de"

ipaddr.js@1.0.5:
  version "1.0.5"
  resolved "https://registry.yarnpkg.com/ipaddr.js/-/ipaddr.js-1.0.5.tgz#5fa78cf301b825c78abc3042d812723049ea23c7"

isarray@0.0.1:
  version "0.0.1"
  resolved "https://registry.yarnpkg.com/isarray/-/isarray-0.0.1.tgz#8a18acfca9a8f4177e09abfc6038939b05d1eedf"

isarray@~1.0.0:
  version "1.0.0"
  resolved "https://registry.yarnpkg.com/isarray/-/isarray-1.0.0.tgz#bb935d48582cba168c06834957a54a3e07124f11"

isstream@0.1.x:
  version "0.1.2"
  resolved "https://registry.yarnpkg.com/isstream/-/isstream-0.1.2.tgz#47e63f7af55afa6f92e1500e690eb8b8529c099a"

jquery-file-upload-middleware@^0.1.7:
  version "0.1.8"
  resolved "https://registry.yarnpkg.com/jquery-file-upload-middleware/-/jquery-file-upload-middleware-0.1.8.tgz#36fef903a4cda6346790155f035b01d28c0e8220"
  dependencies:
    async "*"
    formidable ">=1.0.11"
    imagemagick ">=0.1.2"
    lodash ">= 0.9.2"
    mkdirp ">= 0.3.4"

kareem@1.0.1:
  version "1.0.1"
  resolved "https://registry.yarnpkg.com/kareem/-/kareem-1.0.1.tgz#7805d215bb53214ec3af969a1d0b1f17e3e7b95c"

"lodash@>= 0.9.2", lodash@^4.17.10:
  version "4.17.10"
  resolved "https://registry.yarnpkg.com/lodash/-/lodash-4.17.10.tgz#1b7793cf7259ea38fb3661d4d38b3260af8ae4e7"

make-plural@^3.0.3, make-plural@~3.0.3:
  version "3.0.6"
  resolved "https://registry.yarnpkg.com/make-plural/-/make-plural-3.0.6.tgz#2033a03bac290b8f3bb91258f65b9df7e8b01ca7"
  optionalDependencies:
    minimist "^1.2.0"

math-interval-parser@^1.1.0:
  version "1.1.0"
  resolved "https://registry.yarnpkg.com/math-interval-parser/-/math-interval-parser-1.1.0.tgz#dbeda5b06b3249973c6df6170fde2386f0afd893"
  dependencies:
    xregexp "^2.0.0"

media-typer@0.3.0:
  version "0.3.0"
  resolved "https://registry.yarnpkg.com/media-typer/-/media-typer-0.3.0.tgz#8710d7af0aa626f8fffa1ce00168545263255748"

merge-descriptors@1.0.1:
  version "1.0.1"
  resolved "https://registry.yarnpkg.com/merge-descriptors/-/merge-descriptors-1.0.1.tgz#b00aaa556dd8b44568150ec9d1b953f3f90cbb61"

messageformat@^0.3.1:
  version "0.3.1"
  resolved "https://registry.yarnpkg.com/messageformat/-/messageformat-0.3.1.tgz#e58fff8245e9b3971799e5b43db58b3e9417f5a2"
  dependencies:
    async "~1.5.2"
    glob "~6.0.4"
    make-plural "~3.0.3"
    nopt "~3.0.6"
    watchr "~2.4.13"

methods@~1.1.2:
  version "1.1.2"
  resolved "https://registry.yarnpkg.com/methods/-/methods-1.1.2.tgz#5529a4d67654134edcc5266656835b0f851afcee"

mime-db@~1.33.0:
  version "1.33.0"
  resolved "https://registry.yarnpkg.com/mime-db/-/mime-db-1.33.0.tgz#a3492050a5cb9b63450541e39d9788d2272783db"

mime-types@~2.1.18, mime-types@~2.1.6:
  version "2.1.18"
  resolved "https://registry.yarnpkg.com/mime-types/-/mime-types-2.1.18.tgz#6f323f60a83d11146f831ff11fd66e2fe5503bb8"
  dependencies:
    mime-db "~1.33.0"

mime@1.3.4:
  version "1.3.4"
  resolved "https://registry.yarnpkg.com/mime/-/mime-1.3.4.tgz#115f9e3b6b3daf2959983cb38f149a2d40eb5d53"

"minimatch@2 || 3":
  version "3.0.4"
  resolved "https://registry.yarnpkg.com/minimatch/-/minimatch-3.0.4.tgz#5166e286457f03306064be5497e8dbb0c3d32083"
  dependencies:
    brace-expansion "^1.1.7"

minimist@0.0.8:
  version "0.0.8"
  resolved "https://registry.yarnpkg.com/minimist/-/minimist-0.0.8.tgz#857fcabfc3397d2625b8228262e86aa7a011b05d"

minimist@^1.2.0:
  version "1.2.0"
  resolved "https://registry.yarnpkg.com/minimist/-/minimist-1.2.0.tgz#a35008b20f41383eec1fb914f4cd5df79a264284"

"mkdirp@>= 0.3.4", mkdirp@^0.5.1:
  version "0.5.1"
  resolved "https://registry.yarnpkg.com/mkdirp/-/mkdirp-0.5.1.tgz#30057438eac6cf7f8c4767f38648d6697d75c903"
  dependencies:
    minimist "0.0.8"

moment@^2.11.1:
  version "2.22.2"
  resolved "https://registry.yarnpkg.com/moment/-/moment-2.22.2.tgz#3c257f9839fc0e93ff53149632239eb90783ff66"

mongodb-core@1.2.32:
  version "1.2.32"
  resolved "https://registry.yarnpkg.com/mongodb-core/-/mongodb-core-1.2.32.tgz#ed6e5422fecae10c0e79710b105121b9a92ec3d4"
  dependencies:
    bson "~0.4.21"

mongodb-core@2.1.19:
  version "2.1.19"
  resolved "https://registry.yarnpkg.com/mongodb-core/-/mongodb-core-2.1.19.tgz#00fbd5e5a3573763b9171cfd844e60a8f2a3a18b"
  dependencies:
    bson "~1.0.4"
    require_optional "~1.0.0"

mongodb@2.1.4:
  version "2.1.4"
  resolved "https://registry.yarnpkg.com/mongodb/-/mongodb-2.1.4.tgz#652d8720ff7f5bc562c473ccb0c90d789379a4a3"
  dependencies:
    es6-promise "3.0.2"
    mongodb-core "1.2.32"
    readable-stream "1.0.31"

mongodb@^2.2.19:
  version "2.2.35"
  resolved "https://registry.yarnpkg.com/mongodb/-/mongodb-2.2.35.tgz#cd1b5af8a9463e3f9a787fa5b3d05565579730f9"
  dependencies:
    es6-promise "3.2.1"
    mongodb-core "2.1.19"
    readable-stream "2.2.7"

mongoose-schema-extend@^0.2.0:
  version "0.2.2"
  resolved "https://registry.yarnpkg.com/mongoose-schema-extend/-/mongoose-schema-extend-0.2.2.tgz#f63dd313c422a3871f5569e36b0d28ca1a224631"
  dependencies:
    harmony-reflect "^1.4.2"
    owl-deepcopy "~0.0.1"

mongoose@~4.3.7:
  version "4.3.7"
  resolved "https://registry.yarnpkg.com/mongoose/-/mongoose-4.3.7.tgz#4178b468611966aab6932a08a77e8bfe1b76c5f3"
  dependencies:
    async "0.9.0"
    bson "0.4.21"
    hooks-fixed "1.1.0"
    kareem "1.0.1"
    mongodb "2.1.4"
    mpath "0.1.1"
    mpromise "0.5.4"
    mquery "1.6.3"
    ms "0.7.1"
    muri "1.0.0"
    regexp-clone "0.0.1"
    sliced "0.0.5"

morgan@~1.6.1:
  version "1.6.1"
  resolved "https://registry.yarnpkg.com/morgan/-/morgan-1.6.1.tgz#5fd818398c6819cba28a7cd6664f292fe1c0bbf2"
  dependencies:
    basic-auth "~1.0.3"
    debug "~2.2.0"
    depd "~1.0.1"
    on-finished "~2.3.0"
    on-headers "~1.0.0"

mpath@0.1.1:
  version "0.1.1"
  resolved "https://registry.yarnpkg.com/mpath/-/mpath-0.1.1.tgz#23da852b7c232ee097f4759d29c0ee9cd22d5e46"

mpromise@0.5.4:
  version "0.5.4"
  resolved "https://registry.yarnpkg.com/mpromise/-/mpromise-0.5.4.tgz#b610613ec6de37419f944b35f0783b4de9f5dc75"

mquery@1.6.3:
  version "1.6.3"
  resolved "https://registry.yarnpkg.com/mquery/-/mquery-1.6.3.tgz#7c02bfb7e49c8012cece1556c5e65fef61f3c8e5"
  dependencies:
    bluebird "2.9.26"
    debug "2.2.0"
    regexp-clone "0.0.1"
    sliced "0.0.5"

ms@0.7.1:
  version "0.7.1"
  resolved "https://registry.yarnpkg.com/ms/-/ms-0.7.1.tgz#9cd13c03adbff25b65effde7ce864ee952017098"

ms@0.7.2:
  version "0.7.2"
  resolved "https://registry.yarnpkg.com/ms/-/ms-0.7.2.tgz#ae25cf2512b3885a1d95d7f037868d8431124765"

ms@2.0.0:
  version "2.0.0"
  resolved "https://registry.yarnpkg.com/ms/-/ms-2.0.0.tgz#5608aeadfc00be6c2901df5f9861788de0d597c8"

multer@^1.1.0:
  version "1.3.1"
  resolved "https://registry.yarnpkg.com/multer/-/multer-1.3.1.tgz#c3fb3b35f50c7eefe873532f90d3dde02ce6e040"
  dependencies:
    append-field "^0.1.0"
    busboy "^0.2.11"
    concat-stream "^1.5.2"
    mkdirp "^0.5.1"
    object-assign "^3.0.0"
    on-finished "^2.3.0"
    type-is "^1.6.4"
    xtend "^4.0.0"

muri@1.0.0:
  version "1.0.0"
  resolved "https://registry.yarnpkg.com/muri/-/muri-1.0.0.tgz#de3bf6bd71d67eae71d76689b950d2de118695c6"

mustache@*:
  version "2.3.0"
  resolved "https://registry.yarnpkg.com/mustache/-/mustache-2.3.0.tgz#4028f7778b17708a489930a6e52ac3bca0da41d0"

nanoid@^1.0.5:
  version "1.0.6"
  resolved "https://registry.yarnpkg.com/nanoid/-/nanoid-1.0.6.tgz#d6c227f0fd8d59735f7ef041de9ae824d224b948"

negotiator@0.5.3:
  version "0.5.3"
  resolved "https://registry.yarnpkg.com/negotiator/-/negotiator-0.5.3.tgz#269d5c476810ec92edbe7b6c2f28316384f9a7e8"

nopt@~3.0.6:
  version "3.0.6"
  resolved "https://registry.yarnpkg.com/nopt/-/nopt-3.0.6.tgz#c6465dbf08abcd4db359317f79ac68a646b28ff9"
  dependencies:
    abbrev "1"

object-assign@^3.0.0:
  version "3.0.0"
  resolved "https://registry.yarnpkg.com/object-assign/-/object-assign-3.0.0.tgz#9bedd5ca0897949bca47e7ff408062d549f587f2"

on-finished@^2.3.0, on-finished@~2.3.0:
  version "2.3.0"
  resolved "https://registry.yarnpkg.com/on-finished/-/on-finished-2.3.0.tgz#20f1336481b083cd75337992a16971aa2d906947"
  dependencies:
    ee-first "1.1.1"

on-headers@~1.0.0, on-headers@~1.0.1:
  version "1.0.1"
  resolved "https://registry.yarnpkg.com/on-headers/-/on-headers-1.0.1.tgz#928f5d0f470d49342651ea6794b0857c100693f7"

once@^1.3.0:
  version "1.4.0"
  resolved "https://registry.yarnpkg.com/once/-/once-1.4.0.tgz#583b1aa775961d4b113ac17d9c50baef9dd76bd1"
  dependencies:
    wrappy "1"

owl-deepcopy@~0.0.1:
  version "0.0.6"
  resolved "https://registry.yarnpkg.com/owl-deepcopy/-/owl-deepcopy-0.0.6.tgz#e61c6934af0a38c255be95e5c7ee3fa8facaace3"

parseurl@~1.3.1, parseurl@~1.3.2:
  version "1.3.2"
  resolved "https://registry.yarnpkg.com/parseurl/-/parseurl-1.3.2.tgz#fc289d4ed8993119460c156253262cdc8de65bf3"

passport-local@^1.0.0:
  version "1.0.0"
  resolved "https://registry.yarnpkg.com/passport-local/-/passport-local-1.0.0.tgz#1fe63268c92e75606626437e3b906662c15ba6ee"
  dependencies:
    passport-strategy "1.x.x"

passport-strategy@1.x.x:
  version "1.0.0"
  resolved "https://registry.yarnpkg.com/passport-strategy/-/passport-strategy-1.0.0.tgz#b5539aa8fc225a3d1ad179476ddf236b440f52e4"

passport@^0.3.2:
  version "0.3.2"
  resolved "https://registry.yarnpkg.com/passport/-/passport-0.3.2.tgz#9dd009f915e8fe095b0124a01b8f82da07510102"
  dependencies:
    passport-strategy "1.x.x"
    pause "0.0.1"

path-is-absolute@^1.0.0:
  version "1.0.1"
  resolved "https://registry.yarnpkg.com/path-is-absolute/-/path-is-absolute-1.0.1.tgz#174b9268735534ffbc7ace6bf53a5a9e1b5c5f5f"

path-to-regexp@0.1.7:
  version "0.1.7"
  resolved "https://registry.yarnpkg.com/path-to-regexp/-/path-to-regexp-0.1.7.tgz#df604178005f522f15eb4490e7247a1bfaa67f8c"

pause@0.0.1:
  version "0.0.1"
  resolved "https://registry.yarnpkg.com/pause/-/pause-0.0.1.tgz#1d408b3fdb76923b9543d96fb4c9dfd535d9cb5d"

process-nextick-args@~1.0.6:
  version "1.0.7"
  resolved "https://registry.yarnpkg.com/process-nextick-args/-/process-nextick-args-1.0.7.tgz#150e20b756590ad3f91093f25a4f2ad8bff30ba3"

process-nextick-args@~2.0.0:
  version "2.0.0"
  resolved "https://registry.yarnpkg.com/process-nextick-args/-/process-nextick-args-2.0.0.tgz#a37d732f4271b4ab1ad070d35508e8290788ffaa"

proxy-addr@~1.0.10:
  version "1.0.10"
  resolved "https://registry.yarnpkg.com/proxy-addr/-/proxy-addr-1.0.10.tgz#0d40a82f801fc355567d2ecb65efe3f077f121c5"
  dependencies:
    forwarded "~0.1.0"
    ipaddr.js "1.0.5"

qs@4.0.0:
  version "4.0.0"
  resolved "https://registry.yarnpkg.com/qs/-/qs-4.0.0.tgz#c31d9b74ec27df75e543a86c78728ed8d4623607"

random-bytes@~1.0.0:
  version "1.0.0"
  resolved "https://registry.yarnpkg.com/random-bytes/-/random-bytes-1.0.0.tgz#4f68a1dc0ae58bd3fb95848c30324db75d64360b"

range-parser@~1.0.3:
  version "1.0.3"
  resolved "https://registry.yarnpkg.com/range-parser/-/range-parser-1.0.3.tgz#6872823535c692e2c2a0103826afd82c2e0ff175"

raw-body@~2.1.2:
  version "2.1.7"
  resolved "https://registry.yarnpkg.com/raw-body/-/raw-body-2.1.7.tgz#adfeace2e4fb3098058014d08c072dcc59758774"
  dependencies:
    bytes "2.4.0"
    iconv-lite "0.4.13"
    unpipe "1.0.0"

readable-stream@1.0.31:
  version "1.0.31"
  resolved "https://registry.yarnpkg.com/readable-stream/-/readable-stream-1.0.31.tgz#8f2502e0bc9e3b0da1b94520aabb4e2603ecafae"
  dependencies:
    core-util-is "~1.0.0"
    inherits "~2.0.1"
    isarray "0.0.1"
    string_decoder "~0.10.x"

readable-stream@1.1.x:
  version "1.1.14"
  resolved "https://registry.yarnpkg.com/readable-stream/-/readable-stream-1.1.14.tgz#7cf4c54ef648e3813084c636dd2079e166c081d9"
  dependencies:
    core-util-is "~1.0.0"
    inherits "~2.0.1"
    isarray "0.0.1"
    string_decoder "~0.10.x"

readable-stream@2.2.7:
  version "2.2.7"
  resolved "https://registry.yarnpkg.com/readable-stream/-/readable-stream-2.2.7.tgz#07057acbe2467b22042d36f98c5ad507054e95b1"
  dependencies:
    buffer-shims "~1.0.0"
    core-util-is "~1.0.0"
    inherits "~2.0.1"
    isarray "~1.0.0"
    process-nextick-args "~1.0.6"
    string_decoder "~1.0.0"
    util-deprecate "~1.0.1"

readable-stream@^2.2.2:
  version "2.3.6"
  resolved "https://registry.yarnpkg.com/readable-stream/-/readable-stream-2.3.6.tgz#b11c27d88b8ff1fbe070643cf94b0c79ae1b0aaf"
  dependencies:
    core-util-is "~1.0.0"
    inherits "~2.0.3"
    isarray "~1.0.0"
    process-nextick-args "~2.0.0"
    safe-buffer "~5.1.1"
    string_decoder "~1.1.1"
    util-deprecate "~1.0.1"

redis-commands@^1.2.0:
  version "1.3.5"
  resolved "https://registry.yarnpkg.com/redis-commands/-/redis-commands-1.3.5.tgz#4495889414f1e886261180b1442e7295602d83a2"

redis-parser@^2.6.0:
  version "2.6.0"
  resolved "https://registry.yarnpkg.com/redis-parser/-/redis-parser-2.6.0.tgz#52ed09dacac108f1a631c07e9b69941e7a19504b"

redis@^2.4.2:
  version "2.8.0"
  resolved "https://registry.yarnpkg.com/redis/-/redis-2.8.0.tgz#202288e3f58c49f6079d97af7a10e1303ae14b02"
  dependencies:
    double-ended-queue "^2.1.0-0"
    redis-commands "^1.2.0"
    redis-parser "^2.6.0"

regexp-clone@0.0.1:
  version "0.0.1"
  resolved "https://registry.yarnpkg.com/regexp-clone/-/regexp-clone-0.0.1.tgz#a7c2e09891fdbf38fbb10d376fb73003e68ac589"

require_optional@~1.0.0:
  version "1.0.1"
  resolved "https://registry.yarnpkg.com/require_optional/-/require_optional-1.0.1.tgz#4cf35a4247f64ca3df8c2ef208cc494b1ca8fc2e"
  dependencies:
    resolve-from "^2.0.0"
    semver "^5.1.0"

resolve-from@^2.0.0:
  version "2.0.0"
  resolved "https://registry.yarnpkg.com/resolve-from/-/resolve-from-2.0.0.tgz#9480ab20e94ffa1d9e80a804c7ea147611966b57"

safe-buffer@~5.1.0, safe-buffer@~5.1.1:
  version "5.1.2"
  resolved "https://registry.yarnpkg.com/safe-buffer/-/safe-buffer-5.1.2.tgz#991ec69d296e0313747d59bdfd2b745c35f8828d"

safefs@^3.1.2:
  version "3.2.2"
  resolved "https://registry.yarnpkg.com/safefs/-/safefs-3.2.2.tgz#8170c1444d7038e08caea05a374fae2fa349e15c"
  dependencies:
    graceful-fs "*"

saker@^1.0.0:
  version "1.1.0"
  resolved "https://registry.yarnpkg.com/saker/-/saker-1.1.0.tgz#cacd31f7ce9b986e19fc34b6b64e07c78030eedd"

scandirectory@^2.5.0:
  version "2.5.0"
  resolved "https://registry.yarnpkg.com/scandirectory/-/scandirectory-2.5.0.tgz#6ce03f54a090b668e3cbedbf20edf9e310593e72"
  dependencies:
    ignorefs "^1.0.0"
    safefs "^3.1.2"
    taskgroup "^4.0.5"

semver@^5.1.0:
  version "5.5.0"
  resolved "https://registry.yarnpkg.com/semver/-/semver-5.5.0.tgz#dc4bbc7a6ca9d916dee5d43516f0092b58f7b8ab"

send@0.13.1:
  version "0.13.1"
  resolved "https://registry.yarnpkg.com/send/-/send-0.13.1.tgz#a30d5f4c82c8a9bae9ad00a1d9b1bdbe6f199ed7"
  dependencies:
    debug "~2.2.0"
    depd "~1.1.0"
    destroy "~1.0.4"
    escape-html "~1.0.3"
    etag "~1.7.0"
    fresh "0.3.0"
    http-errors "~1.3.1"
    mime "1.3.4"
    ms "0.7.1"
    on-finished "~2.3.0"
    range-parser "~1.0.3"
    statuses "~1.2.1"

send@0.13.2:
  version "0.13.2"
  resolved "https://registry.yarnpkg.com/send/-/send-0.13.2.tgz#765e7607c8055452bba6f0b052595350986036de"
  dependencies:
    debug "~2.2.0"
    depd "~1.1.0"
    destroy "~1.0.4"
    escape-html "~1.0.3"
    etag "~1.7.0"
    fresh "0.3.0"
    http-errors "~1.3.1"
    mime "1.3.4"
    ms "0.7.1"
    on-finished "~2.3.0"
    range-parser "~1.0.3"
    statuses "~1.2.1"

serve-favicon@~2.3.0:
  version "2.3.2"
  resolved "https://registry.yarnpkg.com/serve-favicon/-/serve-favicon-2.3.2.tgz#dd419e268de012ab72b319d337f2105013f9381f"
  dependencies:
    etag "~1.7.0"
    fresh "0.3.0"
    ms "0.7.2"
    parseurl "~1.3.1"

serve-static@~1.10.2:
  version "1.10.3"
  resolved "https://registry.yarnpkg.com/serve-static/-/serve-static-1.10.3.tgz#ce5a6ecd3101fed5ec09827dac22a9c29bfb0535"
  dependencies:
    escape-html "~1.0.3"
    parseurl "~1.3.1"
    send "0.13.2"

shortid@^2.2.4:
  version "2.2.9"
  resolved "https://registry.yarnpkg.com/shortid/-/shortid-2.2.9.tgz#59313f51ae35c05d1c4569882ea7feeda71e5f19"
  dependencies:
    nanoid "^1.0.5"

sliced@0.0.5:
  version "0.0.5"
  resolved "https://registry.yarnpkg.com/sliced/-/sliced-0.0.5.tgz#5edc044ca4eb6f7816d50ba2fc63e25d8fe4707f"

sprintf-js@>=1.0.3:
  version "1.1.1"
  resolved "https://registry.yarnpkg.com/sprintf-js/-/sprintf-js-1.1.1.tgz#36be78320afe5801f6cea3ee78b6e5aab940ea0c"

stack-trace@0.0.x:
  version "0.0.10"
  resolved "https://registry.yarnpkg.com/stack-trace/-/stack-trace-0.0.10.tgz#547c70b347e8d32b4e108ea1a2a159e5fdde19c0"

statuses@1:
  version "1.5.0"
  resolved "https://registry.yarnpkg.com/statuses/-/statuses-1.5.0.tgz#161c7dac177659fd9811f43771fa99381478628c"

statuses@~1.2.1:
  version "1.2.1"
  resolved "https://registry.yarnpkg.com/statuses/-/statuses-1.2.1.tgz#dded45cc18256d51ed40aec142489d5c61026d28"

streamsearch@0.1.2:
  version "0.1.2"
  resolved "https://registry.yarnpkg.com/streamsearch/-/streamsearch-0.1.2.tgz#808b9d0e56fc273d809ba57338e929919a1a9f1a"

string_decoder@~0.10.x:
  version "0.10.31"
  resolved "https://registry.yarnpkg.com/string_decoder/-/string_decoder-0.10.31.tgz#62e203bc41766c6c28c9fc84301dab1c5310fa94"

string_decoder@~1.0.0:
  version "1.0.3"
  resolved "https://registry.yarnpkg.com/string_decoder/-/string_decoder-1.0.3.tgz#0fc67d7c141825de94282dd536bec6b9bce860ab"
  dependencies:
    safe-buffer "~5.1.0"

string_decoder@~1.1.1:
  version "1.1.1"
  resolved "https://registry.yarnpkg.com/string_decoder/-/string_decoder-1.1.1.tgz#9cf1611ba62685d7030ae9e4ba34149c3af03fc8"
  dependencies:
    safe-buffer "~5.1.0"

taskgroup@^4.0.5, taskgroup@^4.2.0:
  version "4.3.1"
  resolved "https://registry.yarnpkg.com/taskgroup/-/taskgroup-4.3.1.tgz#7de193febd768273c457730497024d512c27915a"
  dependencies:
    ambi "^2.2.0"
    csextends "^1.0.3"

type-is@^1.6.4, type-is@~1.6.6:
  version "1.6.16"
  resolved "https://registry.yarnpkg.com/type-is/-/type-is-1.6.16.tgz#f89ce341541c672b25ee7ae3c73dee3b2be50194"
  dependencies:
    media-typer "0.3.0"
    mime-types "~2.1.18"

typechecker@^2.0.8:
  version "2.1.0"
  resolved "https://registry.yarnpkg.com/typechecker/-/typechecker-2.1.0.tgz#d1c2093a54ff8a19f58cff877eeaa54f2242d383"

typechecker@^4.3.0:
  version "4.5.0"
  resolved "https://registry.yarnpkg.com/typechecker/-/typechecker-4.5.0.tgz#c382920097812364bbaf4595b0ab6588244117a6"
  dependencies:
    editions "^1.3.4"

typechecker@~2.0.1:
  version "2.0.8"
  resolved "https://registry.yarnpkg.com/typechecker/-/typechecker-2.0.8.tgz#e83da84bb64c584ccb345838576c40b0337db82e"

typedarray@^0.0.6:
  version "0.0.6"
  resolved "https://registry.yarnpkg.com/typedarray/-/typedarray-0.0.6.tgz#867ac74e3864187b1d3d47d996a78ec5c8830777"

uid-safe@~2.1.5:
  version "2.1.5"
  resolved "https://registry.yarnpkg.com/uid-safe/-/uid-safe-2.1.5.tgz#2b3d5c7240e8fc2e58f8aa269e5ee49c0857bd3a"
  dependencies:
    random-bytes "~1.0.0"

unpipe@1.0.0, unpipe@~1.0.0:
  version "1.0.0"
  resolved "https://registry.yarnpkg.com/unpipe/-/unpipe-1.0.0.tgz#b2bf4ee8514aae6165b4817829d21b2ef49904ec"

util-deprecate@~1.0.1:
  version "1.0.2"
  resolved "https://registry.yarnpkg.com/util-deprecate/-/util-deprecate-1.0.2.tgz#450d4dc9fa70de732762fbd2d4a28981419a0ccf"

utils-merge@1.0.0:
  version "1.0.0"
  resolved "https://registry.yarnpkg.com/utils-merge/-/utils-merge-1.0.0.tgz#0294fb922bb9375153541c4f7096231f287c8af8"

utils-merge@1.0.1:
  version "1.0.1"
  resolved "https://registry.yarnpkg.com/utils-merge/-/utils-merge-1.0.1.tgz#9f95710f50a267947b2ccc124741c1028427e713"

vary@~1.0.1:
  version "1.0.1"
  resolved "https://registry.yarnpkg.com/vary/-/vary-1.0.1.tgz#99e4981566a286118dfb2b817357df7993376d10"

watchr@~2.4.13:
  version "2.4.13"
  resolved "https://registry.yarnpkg.com/watchr/-/watchr-2.4.13.tgz#d74847bb4d6f90f61fe2c74f9f68662aa0e07601"
  dependencies:
    eachr "^2.0.2"
    extendr "^2.1.0"
    extract-opts "^2.2.0"
    ignorefs "^1.0.0"
    safefs "^3.1.2"
    scandirectory "^2.5.0"
    taskgroup "^4.2.0"
    typechecker "^2.0.8"

winston-mongodb@^2.0.8:
  version "2.0.10"
  resolved "https://registry.yarnpkg.com/winston-mongodb/-/winston-mongodb-2.0.10.tgz#e1f5ae21e4477a2290b5cbc593691ad8f67bfc53"
  dependencies:
    mongodb "^2.2.19"

winston@^2.1.1:
  version "2.4.3"
  resolved "https://registry.yarnpkg.com/winston/-/winston-2.4.3.tgz#7a9fdab371b6d3d9b63a592947846d856948c517"
  dependencies:
    async "~1.0.0"
    colors "1.0.x"
    cycle "1.0.x"
    eyes "0.1.x"
    isstream "0.1.x"
    stack-trace "0.0.x"

wrappy@1:
  version "1.0.2"
  resolved "https://registry.yarnpkg.com/wrappy/-/wrappy-1.0.2.tgz#b5243d8f3ec1aa35f1364605bc0d1036e30ab69f"

xregexp@^2.0.0:
  version "2.0.0"
  resolved "https://registry.yarnpkg.com/xregexp/-/xregexp-2.0.0.tgz#52a63e56ca0b84a7f3a5f3d61872f126ad7a5943"

xtend@^4.0.0:
  version "4.0.1"
  resolved "https://registry.yarnpkg.com/xtend/-/xtend-4.0.1.tgz#a5c6d532be656e23db820efb943a1f04998d63af"
